
Microsoft Visual Studio Solution File, Format Version 12.00
# Visual Studio Version 16
VisualStudioVersion = 16.0.31402.337
MinimumVisualStudioVersion = 10.0.40219.1
Project("{D2ABAB84-BF74-430A-B69E-9DC6D40DDA17}") = "Adventure Works OLAP", "Adventure Works OLAP\Adventure Works OLAP.dwproj", "{0140951D-0867-44D6-90FA-41BA0E268C2A}"
EndProject
Global
	GlobalSection(SolutionConfigurationPlatforms) = preSolution
		Development|Default = Development|Default
	EndGlobalSection
	GlobalSection(ProjectConfigurationPlatforms) = postSolution
		{0140951D-0867-44D6-90FA-41BA0E268C2A}.Development|Default.ActiveCfg = Development
		{0140951D-0867-44D6-90FA-41BA0E268C2A}.Development|Default.Build.0 = Development
		{0140951D-0867-44D6-90FA-41BA0E268C2A}.Development|Default.Deploy.0 = Development
	EndGlobalSection
	GlobalSection(SolutionProperties) = preSolution
		HideSolutionNode = FALSE
	EndGlobalSection
	GlobalSection(ExtensibilityGlobals) = postSolution
		SolutionGuid = {6A53FAA4-DDD8-466A-B5B7-1982EEE7FF5E}
	EndGlobalSection
EndGlobal
